
Microsoft Visual Studio Solution File, Format Version 12.00
# Visual Studio Version 17
VisualStudioVersion = 17.6.33815.320
MinimumVisualStudioVersion = 10.0.40219.1
Project("{FAE04EC0-301F-11D3-BF4B-00C04F79EFBC}") = "SistemaVenda", "SistemaVenda\SistemaVenda.csproj", "{5614E099-C751-470C-9D77-9E722087BDC7}"
EndProject
Global
	GlobalSection(SolutionConfigurationPlatforms) = preSolution
		Debug|Any CPU = Debug|Any CPU
		Release|Any CPU = Release|Any CPU
	EndGlobalSection
	GlobalSection(ProjectConfigurationPlatforms) = postSolution
		{5614E099-C751-470C-9D77-9E722087BDC7}.Debug|Any CPU.ActiveCfg = Debug|Any CPU
		{5614E099-C751-470C-9D77-9E722087BDC7}.Debug|Any CPU.Build.0 = Debug|Any CPU
		{5614E099-C751-470C-9D77-9E722087BDC7}.Release|Any CPU.ActiveCfg = Release|Any CPU
		{5614E099-C751-470C-9D77-9E722087BDC7}.Release|Any CPU.Build.0 = Release|Any CPU
	EndGlobalSection
	GlobalSection(SolutionProperties) = preSolution
		HideSolutionNode = FALSE
	EndGlobalSection
	GlobalSection(ExtensibilityGlobals) = postSolution
		SolutionGuid = {0B2D437E-03CB-4BF1-9953-9DFC93385C53}
	EndGlobalSection
EndGlobal
